
Microsoft Visual Studio Solution File, Format Version 12.00
# Visual Studio 15
VisualStudioVersion = 15.0.28010.2048
MinimumVisualStudioVersion = 10.0.40219.1
Project("{FAE04EC0-301F-11D3-BF4B-00C04F79EFBC}") = "Repo", "Repo\Repo.csproj", "{557D0A06-15E3-4774-BBF2-7DF7DAC187A6}"
EndProject
Project("{FAE04EC0-301F-11D3-BF4B-00C04F79EFBC}") = "LibDB", "LibDB\LibDB.csproj", "{15DCBDA0-FB12-4EBE-B467-952D933D516B}"
EndProject
Project("{FAE04EC0-301F-11D3-BF4B-00C04F79EFBC}") = "LibFile", "LibZip\LibFile.csproj", "{C51E5F72-7374-4158-9D97-9441DFC84CC8}"
EndProject
Project("{FAE04EC0-301F-11D3-BF4B-00C04F79EFBC}") = "LibEMail", "LibEMail\LibEMail.csproj", "{38CDF238-89FE-41AE-8EA3-4BBB7DFAB2D1}"
EndProject
Global
	GlobalSection(SolutionConfigurationPlatforms) = preSolution
		Debug|Any CPU = Debug|Any CPU
		Release|Any CPU = Release|Any CPU
	EndGlobalSection
	GlobalSection(ProjectConfigurationPlatforms) = postSolution
		{557D0A06-15E3-4774-BBF2-7DF7DAC187A6}.Debug|Any CPU.ActiveCfg = Debug|Any CPU
		{557D0A06-15E3-4774-BBF2-7DF7DAC187A6}.Debug|Any CPU.Build.0 = Debug|Any CPU
		{557D0A06-15E3-4774-BBF2-7DF7DAC187A6}.Release|Any CPU.ActiveCfg = Release|Any CPU
		{557D0A06-15E3-4774-BBF2-7DF7DAC187A6}.Release|Any CPU.Build.0 = Release|Any CPU
		{15DCBDA0-FB12-4EBE-B467-952D933D516B}.Debug|Any CPU.ActiveCfg = Debug|Any CPU
		{15DCBDA0-FB12-4EBE-B467-952D933D516B}.Debug|Any CPU.Build.0 = Debug|Any CPU
		{15DCBDA0-FB12-4EBE-B467-952D933D516B}.Release|Any CPU.ActiveCfg = Release|Any CPU
		{15DCBDA0-FB12-4EBE-B467-952D933D516B}.Release|Any CPU.Build.0 = Release|Any CPU
		{C51E5F72-7374-4158-9D97-9441DFC84CC8}.Debug|Any CPU.ActiveCfg = Debug|Any CPU
		{C51E5F72-7374-4158-9D97-9441DFC84CC8}.Debug|Any CPU.Build.0 = Debug|Any CPU
		{C51E5F72-7374-4158-9D97-9441DFC84CC8}.Release|Any CPU.ActiveCfg = Release|Any CPU
		{C51E5F72-7374-4158-9D97-9441DFC84CC8}.Release|Any CPU.Build.0 = Release|Any CPU
		{38CDF238-89FE-41AE-8EA3-4BBB7DFAB2D1}.Debug|Any CPU.ActiveCfg = Debug|Any CPU
		{38CDF238-89FE-41AE-8EA3-4BBB7DFAB2D1}.Debug|Any CPU.Build.0 = Debug|Any CPU
		{38CDF238-89FE-41AE-8EA3-4BBB7DFAB2D1}.Release|Any CPU.ActiveCfg = Release|Any CPU
		{38CDF238-89FE-41AE-8EA3-4BBB7DFAB2D1}.Release|Any CPU.Build.0 = Release|Any CPU
	EndGlobalSection
	GlobalSection(SolutionProperties) = preSolution
		HideSolutionNode = FALSE
	EndGlobalSection
	GlobalSection(ExtensibilityGlobals) = postSolution
		SolutionGuid = {C4328FC2-9700-4310-A969-1A4B926F6A98}
	EndGlobalSection
EndGlobal
